
Microsoft Visual Studio Solution File, Format Version 12.00
# Visual Studio Express 2012 for Windows Desktop
Project("{8BC9CEB8-8B4A-11D0-8D11-00A0C91BC942}") = "Exercise_01", "Exercise_01\Exercise_01.vcxproj", "{9C426524-1431-48C8-8D0E-9B01E74E8C15}"
EndProject
Project("{8BC9CEB8-8B4A-11D0-8D11-00A0C91BC942}") = "Exercise_02", "Exercise_02\Exercise_02.vcxproj", "{68C399B3-118F-4013-80FF-8FFC8F03148E}"
EndProject
Project("{8BC9CEB8-8B4A-11D0-8D11-00A0C91BC942}") = "Exercise_03", "Exercise_03\Exercise_03.vcxproj", "{25185051-2247-435C-9C04-DFEF61824421}"
EndProject
Project("{8BC9CEB8-8B4A-11D0-8D11-00A0C91BC942}") = "Exercise_04", "Exercise_04\Exercise_04.vcxproj", "{AA3CCC8E-3944-479F-B3DC-7C6D496F8191}"
EndProject
Project("{8BC9CEB8-8B4A-11D0-8D11-00A0C91BC942}") = "Exercise_05", "Exercise_05\Exercise_05.vcxproj", "{8D4516D8-AA20-405F-8429-18B3475F64CB}"
EndProject
Project("{8BC9CEB8-8B4A-11D0-8D11-00A0C91BC942}") = "Exercise_06", "Exercise_06\Exercise_06.vcxproj", "{9A3F4A83-D546-4231-800C-8D9F40405959}"
EndProject
Project("{8BC9CEB8-8B4A-11D0-8D11-00A0C91BC942}") = "Exercise_07", "Exercise_07\Exercise_07.vcxproj", "{BB43D8CD-131A-40FB-980D-CC94ADD78EAD}"
EndProject
Project("{8BC9CEB8-8B4A-11D0-8D11-00A0C91BC942}") = "Exercise_08", "Exercise_08\Exercise_08.vcxproj", "{8C249B88-F3E7-4CEE-9C9C-71C4DE1E03D1}"
EndProject
Project("{8BC9CEB8-8B4A-11D0-8D11-00A0C91BC942}") = "Exercise_08_1", "Exercise_08_1\Exercise_08_1.vcxproj", "{AAFBE395-54D4-4013-9334-B6EE219E112C}"
EndProject
Project("{8BC9CEB8-8B4A-11D0-8D11-00A0C91BC942}") = "Exercise_09", "Exercise_09\Exercise_09.vcxproj", "{47979141-8BD2-4296-B1BF-0937ABB2F899}"
EndProject
Project("{8BC9CEB8-8B4A-11D0-8D11-00A0C91BC942}") = "Exercise10", "Exercise10\Exercise10.vcxproj", "{476E97A6-2067-4CAB-AE5E-48A04DFAF15D}"
EndProject
Global
	GlobalSection(SolutionConfigurationPlatforms) = preSolution
		Debug|Win32 = Debug|Win32
		Release|Win32 = Release|Win32
	EndGlobalSection
	GlobalSection(ProjectConfigurationPlatforms) = postSolution
		{9C426524-1431-48C8-8D0E-9B01E74E8C15}.Debug|Win32.ActiveCfg = Debug|Win32
		{9C426524-1431-48C8-8D0E-9B01E74E8C15}.Debug|Win32.Build.0 = Debug|Win32
		{9C426524-1431-48C8-8D0E-9B01E74E8C15}.Release|Win32.ActiveCfg = Release|Win32
		{9C426524-1431-48C8-8D0E-9B01E74E8C15}.Release|Win32.Build.0 = Release|Win32
		{68C399B3-118F-4013-80FF-8FFC8F03148E}.Debug|Win32.ActiveCfg = Debug|Win32
		{68C399B3-118F-4013-80FF-8FFC8F03148E}.Debug|Win32.Build.0 = Debug|Win32
		{68C399B3-118F-4013-80FF-8FFC8F03148E}.Release|Win32.ActiveCfg = Release|Win32
		{68C399B3-118F-4013-80FF-8FFC8F03148E}.Release|Win32.Build.0 = Release|Win32
		{25185051-2247-435C-9C04-DFEF61824421}.Debug|Win32.ActiveCfg = Debug|Win32
		{25185051-2247-435C-9C04-DFEF61824421}.Debug|Win32.Build.0 = Debug|Win32
		{25185051-2247-435C-9C04-DFEF61824421}.Release|Win32.ActiveCfg = Release|Win32
		{25185051-2247-435C-9C04-DFEF61824421}.Release|Win32.Build.0 = Release|Win32
		{AA3CCC8E-3944-479F-B3DC-7C6D496F8191}.Debug|Win32.ActiveCfg = Debug|Win32
		{AA3CCC8E-3944-479F-B3DC-7C6D496F8191}.Debug|Win32.Build.0 = Debug|Win32
		{AA3CCC8E-3944-479F-B3DC-7C6D496F8191}.Release|Win32.ActiveCfg = Release|Win32
		{AA3CCC8E-3944-479F-B3DC-7C6D496F8191}.Release|Win32.Build.0 = Release|Win32
		{8D4516D8-AA20-405F-8429-18B3475F64CB}.Debug|Win32.ActiveCfg = Debug|Win32
		{8D4516D8-AA20-405F-8429-18B3475F64CB}.Debug|Win32.Build.0 = Debug|Win32
		{8D4516D8-AA20-405F-8429-18B3475F64CB}.Release|Win32.ActiveCfg = Release|Win32
		{8D4516D8-AA20-405F-8429-18B3475F64CB}.Release|Win32.Build.0 = Release|Win32
		{9A3F4A83-D546-4231-800C-8D9F40405959}.Debug|Win32.ActiveCfg = Debug|Win32
		{9A3F4A83-D546-4231-800C-8D9F40405959}.Debug|Win32.Build.0 = Debug|Win32
		{9A3F4A83-D546-4231-800C-8D9F40405959}.Release|Win32.ActiveCfg = Release|Win32
		{9A3F4A83-D546-4231-800C-8D9F40405959}.Release|Win32.Build.0 = Release|Win32
		{BB43D8CD-131A-40FB-980D-CC94ADD78EAD}.Debug|Win32.ActiveCfg = Debug|Win32
		{BB43D8CD-131A-40FB-980D-CC94ADD78EAD}.Debug|Win32.Build.0 = Debug|Win32
		{BB43D8CD-131A-40FB-980D-CC94ADD78EAD}.Release|Win32.ActiveCfg = Release|Win32
		{BB43D8CD-131A-40FB-980D-CC94ADD78EAD}.Release|Win32.Build.0 = Release|Win32
		{8C249B88-F3E7-4CEE-9C9C-71C4DE1E03D1}.Debug|Win32.ActiveCfg = Debug|Win32
		{8C249B88-F3E7-4CEE-9C9C-71C4DE1E03D1}.Debug|Win32.Build.0 = Debug|Win32
		{8C249B88-F3E7-4CEE-9C9C-71C4DE1E03D1}.Release|Win32.ActiveCfg = Release|Win32
		{8C249B88-F3E7-4CEE-9C9C-71C4DE1E03D1}.Release|Win32.Build.0 = Release|Win32
		{AAFBE395-54D4-4013-9334-B6EE219E112C}.Debug|Win32.ActiveCfg = Debug|Win32
		{AAFBE395-54D4-4013-9334-B6EE219E112C}.Debug|Win32.Build.0 = Debug|Win32
		{AAFBE395-54D4-4013-9334-B6EE219E112C}.Release|Win32.ActiveCfg = Release|Win32
		{AAFBE395-54D4-4013-9334-B6EE219E112C}.Release|Win32.Build.0 = Release|Win32
		{47979141-8BD2-4296-B1BF-0937ABB2F899}.Debug|Win32.ActiveCfg = Debug|Win32
		{47979141-8BD2-4296-B1BF-0937ABB2F899}.Debug|Win32.Build.0 = Debug|Win32
		{47979141-8BD2-4296-B1BF-0937ABB2F899}.Release|Win32.ActiveCfg = Release|Win32
		{47979141-8BD2-4296-B1BF-0937ABB2F899}.Release|Win32.Build.0 = Release|Win32
		{476E97A6-2067-4CAB-AE5E-48A04DFAF15D}.Debug|Win32.ActiveCfg = Debug|Win32
		{476E97A6-2067-4CAB-AE5E-48A04DFAF15D}.Debug|Win32.Build.0 = Debug|Win32
		{476E97A6-2067-4CAB-AE5E-48A04DFAF15D}.Release|Win32.ActiveCfg = Release|Win32
		{476E97A6-2067-4CAB-AE5E-48A04DFAF15D}.Release|Win32.Build.0 = Release|Win32
	EndGlobalSection
	GlobalSection(SolutionProperties) = preSolution
		HideSolutionNode = FALSE
	EndGlobalSection
EndGlobal
