
Microsoft Visual Studio Solution File, Format Version 12.00
# Visual Studio Express 2012 for Windows Desktop
Project("{8BC9CEB8-8B4A-11D0-8D11-00A0C91BC942}") = "Exercise_01", "Exercise_01\Exercise_01.vcxproj", "{9C426524-1431-48C8-8D0E-9B01E74E8C15}"
EndProject
Project("{8BC9CEB8-8B4A-11D0-8D11-00A0C91BC942}") = "Exercise_02", "Exercise_02\Exercise_02.vcxproj", "{68C399B3-118F-4013-80FF-8FFC8F03148E}"
EndProject
Project("{8BC9CEB8-8B4A-11D0-8D11-00A0C91BC942}") = "Exercise_03", "Exercise_03\Exercise_03.vcxproj", "{25185051-2247-435C-9C04-DFEF61824421}"
EndProject
Project("{8BC9CEB8-8B4A-11D0-8D11-00A0C91BC942}") = "Exercise_04", "Exercise_04\Exercise_04.vcxproj", "{AA3CCC8E-3944-479F-B3DC-7C6D496F8191}"
EndProject
Project("{8BC9CEB8-8B4A-11D0-8D11-00A0C91BC942}") = "Exercise_05", "Exercise_05\Exercise_05.vcxproj", "{8D4516D8-AA20-405F-8429-18B3475F64CB}"
EndProject
Global
	GlobalSection(SolutionConfigurationPlatforms) = preSolution
		Debug|Win32 = Debug|Win32
		Release|Win32 = Release|Win32
	EndGlobalSection
	GlobalSection(ProjectConfigurationPlatforms) = postSolution
		{9C426524-1431-48C8-8D0E-9B01E74E8C15}.Debug|Win32.ActiveCfg = Debug|Win32
		{9C426524-1431-48C8-8D0E-9B01E74E8C15}.Debug|Win32.Build.0 = Debug|Win32
		{9C426524-1431-48C8-8D0E-9B01E74E8C15}.Release|Win32.ActiveCfg = Release|Win32
		{9C426524-1431-48C8-8D0E-9B01E74E8C15}.Release|Win32.Build.0 = Release|Win32
		{68C399B3-118F-4013-80FF-8FFC8F03148E}.Debug|Win32.ActiveCfg = Debug|Win32
		{68C399B3-118F-4013-80FF-8FFC8F03148E}.Debug|Win32.Build.0 = Debug|Win32
		{68C399B3-118F-4013-80FF-8FFC8F03148E}.Release|Win32.ActiveCfg = Release|Win32
		{68C399B3-118F-4013-80FF-8FFC8F03148E}.Release|Win32.Build.0 = Release|Win32
		{25185051-2247-435C-9C04-DFEF61824421}.Debug|Win32.ActiveCfg = Debug|Win32
		{25185051-2247-435C-9C04-DFEF61824421}.Debug|Win32.Build.0 = Debug|Win32
		{25185051-2247-435C-9C04-DFEF61824421}.Release|Win32.ActiveCfg = Release|Win32
		{25185051-2247-435C-9C04-DFEF61824421}.Release|Win32.Build.0 = Release|Win32
		{AA3CCC8E-3944-479F-B3DC-7C6D496F8191}.Debug|Win32.ActiveCfg = Debug|Win32
		{AA3CCC8E-3944-479F-B3DC-7C6D496F8191}.Debug|Win32.Build.0 = Debug|Win32
		{AA3CCC8E-3944-479F-B3DC-7C6D496F8191}.Release|Win32.ActiveCfg = Release|Win32
		{AA3CCC8E-3944-479F-B3DC-7C6D496F8191}.Release|Win32.Build.0 = Release|Win32
		{8D4516D8-AA20-405F-8429-18B3475F64CB}.Debug|Win32.ActiveCfg = Debug|Win32
		{8D4516D8-AA20-405F-8429-18B3475F64CB}.Debug|Win32.Build.0 = Debug|Win32
		{8D4516D8-AA20-405F-8429-18B3475F64CB}.Release|Win32.ActiveCfg = Release|Win32
		{8D4516D8-AA20-405F-8429-18B3475F64CB}.Release|Win32.Build.0 = Release|Win32
	EndGlobalSection
	GlobalSection(SolutionProperties) = preSolution
		HideSolutionNode = FALSE
	EndGlobalSection
EndGlobal
